
Microsoft Visual Studio Solution File, Format Version 12.00
# Visual Studio 15
VisualStudioVersion = 15.0.26730.10
MinimumVisualStudioVersion = 10.0.40219.1
Project("{FAE04EC0-301F-11D3-BF4B-00C04F79EFBC}") = "WindowsFormsApp2", "WindowsFormsApp2\WindowsFormsApp2.csproj", "{DA97553D-2E53-428A-9430-0C3CB460F98E}"
EndProject
Global
	GlobalSection(SolutionConfigurationPlatforms) = preSolution
		Debug|Any CPU = Debug|Any CPU
		Release|Any CPU = Release|Any CPU
	EndGlobalSection
	GlobalSection(ProjectConfigurationPlatforms) = postSolution
		{DA97553D-2E53-428A-9430-0C3CB460F98E}.Debug|Any CPU.ActiveCfg = Debug|Any CPU
		{DA97553D-2E53-428A-9430-0C3CB460F98E}.Debug|Any CPU.Build.0 = Debug|Any CPU
		{DA97553D-2E53-428A-9430-0C3CB460F98E}.Release|Any CPU.ActiveCfg = Release|Any CPU
		{DA97553D-2E53-428A-9430-0C3CB460F98E}.Release|Any CPU.Build.0 = Release|Any CPU
	EndGlobalSection
	GlobalSection(SolutionProperties) = preSolution
		HideSolutionNode = FALSE
	EndGlobalSection
	GlobalSection(ExtensibilityGlobals) = postSolution
		SolutionGuid = {91371170-B30E-4EE6-825A-52978D11C70D}
	EndGlobalSection
EndGlobal
